
Microsoft Visual Studio Solution File, Format Version 12.00
# Visual Studio Version 17
VisualStudioVersion = 17.7.34031.279
MinimumVisualStudioVersion = 10.0.40219.1
Project("{FAE04EC0-301F-11D3-BF4B-00C04F79EFBC}") = "test2", "test2.csproj", "{5CBDB331-5E95-4D51-AAE3-9BA55689845D}"
EndProject
Global
	GlobalSection(SolutionConfigurationPlatforms) = preSolution
		Debug|Any CPU = Debug|Any CPU
		Release|Any CPU = Release|Any CPU
	EndGlobalSection
	GlobalSection(ProjectConfigurationPlatforms) = postSolution
		{5CBDB331-5E95-4D51-AAE3-9BA55689845D}.Debug|Any CPU.ActiveCfg = Debug|Any CPU
		{5CBDB331-5E95-4D51-AAE3-9BA55689845D}.Debug|Any CPU.Build.0 = Debug|Any CPU
		{5CBDB331-5E95-4D51-AAE3-9BA55689845D}.Release|Any CPU.ActiveCfg = Release|Any CPU
		{5CBDB331-5E95-4D51-AAE3-9BA55689845D}.Release|Any CPU.Build.0 = Release|Any CPU
	EndGlobalSection
	GlobalSection(SolutionProperties) = preSolution
		HideSolutionNode = FALSE
	EndGlobalSection
	GlobalSection(ExtensibilityGlobals) = postSolution
		SolutionGuid = {B2F43912-D73F-44C1-8FAF-3E4AF07EBAC7}
	EndGlobalSection
EndGlobal
